
Microsoft Visual Studio Solution File, Format Version 12.00
# Visual Studio 14
VisualStudioVersion = 14.0.25420.1
MinimumVisualStudioVersion = 10.0.40219.1
Project("{FAE04EC0-301F-11D3-BF4B-00C04F79EFBC}") = "Arrieta_Code_Review", "Arrieta_Code_Review\Arrieta_Code_Review.csproj", "{AC926E54-486D-40F2-86EE-AAC3D602352A}"
EndProject
Project("{FAE04EC0-301F-11D3-BF4B-00C04F79EFBC}") = "CNN", "CNN\CNN.csproj", "{B12AEE4A-904F-42D0-A2BC-4414E6ED08E7}"
EndProject
Project("{FAE04EC0-301F-11D3-BF4B-00C04F79EFBC}") = "LogTest", "LogTest\LogTest.csproj", "{4987C392-D0F6-4808-9BA6-58AA7183CD49}"
EndProject
Global
	GlobalSection(SolutionConfigurationPlatforms) = preSolution
		Debug|Any CPU = Debug|Any CPU
		Release|Any CPU = Release|Any CPU
	EndGlobalSection
	GlobalSection(ProjectConfigurationPlatforms) = postSolution
		{AC926E54-486D-40F2-86EE-AAC3D602352A}.Debug|Any CPU.ActiveCfg = Debug|Any CPU
		{AC926E54-486D-40F2-86EE-AAC3D602352A}.Debug|Any CPU.Build.0 = Debug|Any CPU
		{AC926E54-486D-40F2-86EE-AAC3D602352A}.Release|Any CPU.ActiveCfg = Release|Any CPU
		{AC926E54-486D-40F2-86EE-AAC3D602352A}.Release|Any CPU.Build.0 = Release|Any CPU
		{B12AEE4A-904F-42D0-A2BC-4414E6ED08E7}.Debug|Any CPU.ActiveCfg = Debug|Any CPU
		{B12AEE4A-904F-42D0-A2BC-4414E6ED08E7}.Debug|Any CPU.Build.0 = Debug|Any CPU
		{B12AEE4A-904F-42D0-A2BC-4414E6ED08E7}.Release|Any CPU.ActiveCfg = Release|Any CPU
		{B12AEE4A-904F-42D0-A2BC-4414E6ED08E7}.Release|Any CPU.Build.0 = Release|Any CPU
		{4987C392-D0F6-4808-9BA6-58AA7183CD49}.Debug|Any CPU.ActiveCfg = Debug|Any CPU
		{4987C392-D0F6-4808-9BA6-58AA7183CD49}.Debug|Any CPU.Build.0 = Debug|Any CPU
		{4987C392-D0F6-4808-9BA6-58AA7183CD49}.Release|Any CPU.ActiveCfg = Release|Any CPU
		{4987C392-D0F6-4808-9BA6-58AA7183CD49}.Release|Any CPU.Build.0 = Release|Any CPU
	EndGlobalSection
	GlobalSection(SolutionProperties) = preSolution
		HideSolutionNode = FALSE
	EndGlobalSection
EndGlobal
